// !$*UTF8*$!
{
	archiveVersion = 1;
	classes = {
	};
	objectVersion = 50;
	objects = {

/* Begin PBXBuildFile section */
		898AE01F2531535C00DE0CCB /* AppDelegate.swift in Sources */ = {isa = PBXBuildFile; fileRef = 898AE01E2531535C00DE0CCB /* AppDelegate.swift */; };
		898AE0212531535C00DE0CCB /* SceneDelegate.swift in Sources */ = {isa = PBXBuildFile; fileRef = 898AE0202531535C00DE0CCB /* SceneDelegate.swift */; };
		898AE0232531535C00DE0CCB /* ViewController.swift in Sources */ = {isa = PBXBuildFile; fileRef = 898AE0222531535C00DE0CCB /* ViewController.swift */; };
		898AE0262531535C00DE0CCB /* Main.storyboard in Resources */ = {isa = PBXBuildFile; fileRef = 898AE0242531535C00DE0CCB /* Main.storyboard */; };
		898AE0292531535C00DE0CCB /* SdaHymnalv2.xcdatamodeld in Sources */ = {isa = PBXBuildFile; fileRef = 898AE0272531535C00DE0CCB /* SdaHymnalv2.xcdatamodeld */; };
		898AE02B2531535D00DE0CCB /* Assets.xcassets in Resources */ = {isa = PBXBuildFile; fileRef = 898AE02A2531535D00DE0CCB /* Assets.xcassets */; };
		898AE02E2531535D00DE0CCB /* LaunchScreen.storyboard in Resources */ = {isa = PBXBuildFile; fileRef = 898AE02C2531535D00DE0CCB /* LaunchScreen.storyboard */; };
		898AE03B2531548E00DE0CCB /* TabBarController.swift in Sources */ = {isa = PBXBuildFile; fileRef = 898AE0362531548E00DE0CCB /* TabBarController.swift */; };
		898AE03C2531548E00DE0CCB /* TestImageViewController.swift in Sources */ = {isa = PBXBuildFile; fileRef = 898AE0372531548E00DE0CCB /* TestImageViewController.swift */; };
		898AE03D2531548E00DE0CCB /* SearchForHymnViewController.swift in Sources */ = {isa = PBXBuildFile; fileRef = 898AE0382531548E00DE0CCB /* SearchForHymnViewController.swift */; };
		898AE03E2531548E00DE0CCB /* BookmarksViewController.swift in Sources */ = {isa = PBXBuildFile; fileRef = 898AE0392531548E00DE0CCB /* BookmarksViewController.swift */; };
		898AE03F2531548E00DE0CCB /* LyricsOnlyViewController.swift in Sources */ = {isa = PBXBuildFile; fileRef = 898AE03A2531548E00DE0CCB /* LyricsOnlyViewController.swift */; };
		898AE056253154BD00DE0CCB /* All_Praise_to_Thee.png in Resources */ = {isa = PBXBuildFile; fileRef = 898AE042253154BC00DE0CCB /* All_Praise_to_Thee.png */; };
		898AE057253154BD00DE0CCB /* A_Shelter_in_the_Time_of_Storm.png in Resources */ = {isa = PBXBuildFile; fileRef = 898AE043253154BC00DE0CCB /* A_Shelter_in_the_Time_of_Storm.png */; };
		898AE058253154BD00DE0CCB /* A_Quiet_Place.png in Resources */ = {isa = PBXBuildFile; fileRef = 898AE044253154BC00DE0CCB /* A_Quiet_Place.png */; };
		898AE059253154BD00DE0CCB /* A_Mighty_Fortress.png in Resources */ = {isa = PBXBuildFile; fileRef = 898AE045253154BC00DE0CCB /* A_Mighty_Fortress.png */; };
		898AE05A253154BD00DE0CCB /* A_Song_of_Heaven_and_Homeland.png in Resources */ = {isa = PBXBuildFile; fileRef = 898AE046253154BC00DE0CCB /* A_Song_of_Heaven_and_Homeland.png */; };
		898AE05B253154BD00DE0CCB /* Abide_With_Me,_'Tis_Eventide.png in Resources */ = {isa = PBXBuildFile; fileRef = 898AE047253154BC00DE0CCB /* Abide_With_Me,_'Tis_Eventide.png */; };
		898AE05C253154BD00DE0CCB /* All_My_Hope_on_God_Is_Founded.png in Resources */ = {isa = PBXBuildFile; fileRef = 898AE048253154BC00DE0CCB /* All_My_Hope_on_God_Is_Founded.png */; };
		898AE05D253154BD00DE0CCB /* All_Things_Bright_and_Beautiful.png in Resources */ = {isa = PBXBuildFile; fileRef = 898AE049253154BC00DE0CCB /* All_Things_Bright_and_Beautiful.png */; };
		898AE05E253154BD00DE0CCB /* All_That_Thrills_My_Soul.png in Resources */ = {isa = PBXBuildFile; fileRef = 898AE04A253154BC00DE0CCB /* All_That_Thrills_My_Soul.png */; };
		898AE05F253154BD00DE0CCB /* A_Diligent_and_Grateful_Heart.png in Resources */ = {isa = PBXBuildFile; fileRef = 898AE04B253154BC00DE0CCB /* A_Diligent_and_Grateful_Heart.png */; };
		898AE060253154BD00DE0CCB /* A_Hymn_of_Glory_Let_Us_Sing.png in Resources */ = {isa = PBXBuildFile; fileRef = 898AE04C253154BC00DE0CCB /* A_Hymn_of_Glory_Let_Us_Sing.png */; };
		898AE061253154BD00DE0CCB /* All_the_Way.png in Resources */ = {isa = PBXBuildFile; fileRef = 898AE04D253154BD00DE0CCB /* All_the_Way.png */; };
		898AE062253154BD00DE0CCB /* All_People_That_on_Earth_Do_Dwell.png in Resources */ = {isa = PBXBuildFile; fileRef = 898AE04E253154BD00DE0CCB /* All_People_That_on_Earth_Do_Dwell.png */; };
		898AE063253154BD00DE0CCB /* All_Hail_the_Power_of_Jesus'_Name.png in Resources */ = {isa = PBXBuildFile; fileRef = 898AE04F253154BD00DE0CCB /* All_Hail_the_Power_of_Jesus'_Name.png */; };
		898AE064253154BD00DE0CCB /* All_Creatures_of_Our_God_and_King.png in Resources */ = {isa = PBXBuildFile; fileRef = 898AE050253154BD00DE0CCB /* All_Creatures_of_Our_God_and_King.png */; };
		898AE065253154BD00DE0CCB /* A_Child_of_the_King.png in Resources */ = {isa = PBXBuildFile; fileRef = 898AE051253154BD00DE0CCB /* A_Child_of_the_King.png */; };
		898AE066253154BD00DE0CCB /* All_Glory,_Laud,_and_Honor.png in Resources */ = {isa = PBXBuildFile; fileRef = 898AE052253154BD00DE0CCB /* All_Glory,_Laud,_and_Honor.png */; };
		898AE067253154BD00DE0CCB /* All_Things_Come_of_Thee.png in Resources */ = {isa = PBXBuildFile; fileRef = 898AE053253154BD00DE0CCB /* All_Things_Come_of_Thee.png */; };
		898AE068253154BD00DE0CCB /* All_Things_Are_Thine.png in Resources */ = {isa = PBXBuildFile; fileRef = 898AE054253154BD00DE0CCB /* All_Things_Are_Thine.png */; };
		898AE069253154BD00DE0CCB /* Abide_With_Me.png in Resources */ = {isa = PBXBuildFile; fileRef = 898AE055253154BD00DE0CCB /* Abide_With_Me.png */; };
/* End PBXBuildFile section */

/* Begin PBXFileReference section */
		898AE01B2531535C00DE0CCB /* SdaHymnalv2.app */ = {isa = PBXFileReference; explicitFileType = wrapper.application; includeInIndex = 0; path = SdaHymnalv2.app; sourceTree = BUILT_PRODUCTS_DIR; };
		898AE01E2531535C00DE0CCB /* AppDelegate.swift */ = {isa = PBXFileReference; lastKnownFileType = sourcecode.swift; path = AppDelegate.swift; sourceTree = "<group>"; };
		898AE0202531535C00DE0CCB /* SceneDelegate.swift */ = {isa = PBXFileReference; lastKnownFileType = sourcecode.swift; path = SceneDelegate.swift; sourceTree = "<group>"; };
		898AE0222531535C00DE0CCB /* ViewController.swift */ = {isa = PBXFileReference; lastKnownFileType = sourcecode.swift; path = ViewController.swift; sourceTree = "<group>"; };
		898AE0252531535C00DE0CCB /* Base */ = {isa = PBXFileReference; lastKnownFileType = file.storyboard; name = Base; path = Base.lproj/Main.storyboard; sourceTree = "<group>"; };
		898AE0282531535C00DE0CCB /* SdaHymnalv2.xcdatamodel */ = {isa = PBXFileReference; lastKnownFileType = wrapper.xcdatamodel; path = SdaHymnalv2.xcdatamodel; sourceTree = "<group>"; };
		898AE02A2531535D00DE0CCB /* Assets.xcassets */ = {isa = PBXFileReference; lastKnownFileType = folder.assetcatalog; path = Assets.xcassets; sourceTree = "<group>"; };
		898AE02D2531535D00DE0CCB /* Base */ = {isa = PBXFileReference; lastKnownFileType = file.storyboard; name = Base; path = Base.lproj/LaunchScreen.storyboard; sourceTree = "<group>"; };
		898AE02F2531535D00DE0CCB /* Info.plist */ = {isa = PBXFileReference; lastKnownFileType = text.plist.xml; path = Info.plist; sourceTree = "<group>"; };
		898AE0362531548E00DE0CCB /* TabBarController.swift */ = {isa = PBXFileReference; fileEncoding = 4; lastKnownFileType = sourcecode.swift; path = TabBarController.swift; sourceTree = "<group>"; };
		898AE0372531548E00DE0CCB /* TestImageViewController.swift */ = {isa = PBXFileReference; fileEncoding = 4; lastKnownFileType = sourcecode.swift; path = TestImageViewController.swift; sourceTree = "<group>"; };
		898AE0382531548E00DE0CCB /* SearchForHymnViewController.swift */ = {isa = PBXFileReference; fileEncoding = 4; lastKnownFileType = sourcecode.swift; path = SearchForHymnViewController.swift; sourceTree = "<group>"; };
		898AE0392531548E00DE0CCB /* BookmarksViewController.swift */ = {isa = PBXFileReference; fileEncoding = 4; lastKnownFileType = sourcecode.swift; path = BookmarksViewController.swift; sourceTree = "<group>"; };
		898AE03A2531548E00DE0CCB /* LyricsOnlyViewController.swift */ = {isa = PBXFileReference; fileEncoding = 4; lastKnownFileType = sourcecode.swift; path = LyricsOnlyViewController.swift; sourceTree = "<group>"; };
		898AE042253154BC00DE0CCB /* All_Praise_to_Thee.png */ = {isa = PBXFileReference; lastKnownFileType = image.png; path = All_Praise_to_Thee.png; sourceTree = "<group>"; };
		898AE043253154BC00DE0CCB /* A_Shelter_in_the_Time_of_Storm.png */ = {isa = PBXFileReference; lastKnownFileType = image.png; path = A_Shelter_in_the_Time_of_Storm.png; sourceTree = "<group>"; };
		898AE044253154BC00DE0CCB /* A_Quiet_Place.png */ = {isa = PBXFileReference; lastKnownFileType = image.png; path = A_Quiet_Place.png; sourceTree = "<group>"; };
		898AE045253154BC00DE0CCB /* A_Mighty_Fortress.png */ = {isa = PBXFileReference; lastKnownFileType = image.png; path = A_Mighty_Fortress.png; sourceTree = "<group>"; };
		898AE046253154BC00DE0CCB /* A_Song_of_Heaven_and_Homeland.png */ = {isa = PBXFileReference; lastKnownFileType = image.png; path = A_Song_of_Heaven_and_Homeland.png; sourceTree = "<group>"; };
		898AE047253154BC00DE0CCB /* Abide_With_Me,_'Tis_Eventide.png */ = {isa = PBXFileReference; lastKnownFileType = image.png; path = "Abide_With_Me,_'Tis_Eventide.png"; sourceTree = "<group>"; };
		898AE048253154BC00DE0CCB /* All_My_Hope_on_God_Is_Founded.png */ = {isa = PBXFileReference; lastKnownFileType = image.png; path = All_My_Hope_on_God_Is_Founded.png; sourceTree = "<group>"; };
		898AE049253154BC00DE0CCB /* All_Things_Bright_and_Beautiful.png */ = {isa = PBXFileReference; lastKnownFileType = image.png; path = All_Things_Bright_and_Beautiful.png; sourceTree = "<group>"; };
		898AE04A253154BC00DE0CCB /* All_That_Thrills_My_Soul.png */ = {isa = PBXFileReference; lastKnownFileType = image.png; path = All_That_Thrills_My_Soul.png; sourceTree = "<group>"; };
		898AE04B253154BC00DE0CCB /* A_Diligent_and_Grateful_Heart.png */ = {isa = PBXFileReference; lastKnownFileType = image.png; path = A_Diligent_and_Grateful_Heart.png; sourceTree = "<group>"; };
		898AE04C253154BC00DE0CCB /* A_Hymn_of_Glory_Let_Us_Sing.png */ = {isa = PBXFileReference; lastKnownFileType = image.png; path = A_Hymn_of_Glory_Let_Us_Sing.png; sourceTree = "<group>"; };
		898AE04D253154BD00DE0CCB /* All_the_Way.png */ = {isa = PBXFileReference; lastKnownFileType = image.png; path = All_the_Way.png; sourceTree = "<group>"; };
		898AE04E253154BD00DE0CCB /* All_People_That_on_Earth_Do_Dwell.png */ = {isa = PBXFileReference; lastKnownFileType = image.png; path = All_People_That_on_Earth_Do_Dwell.png; sourceTree = "<group>"; };
		898AE04F253154BD00DE0CCB /* All_Hail_the_Power_of_Jesus'_Name.png */ = {isa = PBXFileReference; lastKnownFileType = image.png; path = "All_Hail_the_Power_of_Jesus'_Name.png"; sourceTree = "<group>"; };
		898AE050253154BD00DE0CCB /* All_Creatures_of_Our_God_and_King.png */ = {isa = PBXFileReference; lastKnownFileType = image.png; path = All_Creatures_of_Our_God_and_King.png; sourceTree = "<group>"; };
		898AE051253154BD00DE0CCB /* A_Child_of_the_King.png */ = {isa = PBXFileReference; lastKnownFileType = image.png; path = A_Child_of_the_King.png; sourceTree = "<group>"; };
		898AE052253154BD00DE0CCB /* All_Glory,_Laud,_and_Honor.png */ = {isa = PBXFileReference; lastKnownFileType = image.png; path = "All_Glory,_Laud,_and_Honor.png"; sourceTree = "<group>"; };
		898AE053253154BD00DE0CCB /* All_Things_Come_of_Thee.png */ = {isa = PBXFileReference; lastKnownFileType = image.png; path = All_Things_Come_of_Thee.png; sourceTree = "<group>"; };
		898AE054253154BD00DE0CCB /* All_Things_Are_Thine.png */ = {isa = PBXFileReference; lastKnownFileType = image.png; path = All_Things_Are_Thine.png; sourceTree = "<group>"; };
		898AE055253154BD00DE0CCB /* Abide_With_Me.png */ = {isa = PBXFileReference; lastKnownFileType = image.png; path = Abide_With_Me.png; sourceTree = "<group>"; };
/* End PBXFileReference section */

/* Begin PBXFrameworksBuildPhase section */
		898AE0182531535C00DE0CCB /* Frameworks */ = {
			isa = PBXFrameworksBuildPhase;
			buildActionMask = 2147483647;
			files = (
			);
			runOnlyForDeploymentPostprocessing = 0;
		};
/* End PBXFrameworksBuildPhase section */

/* Begin PBXGroup section */
		898AE0122531535C00DE0CCB = {
			isa = PBXGroup;
			children = (
				898AE01D2531535C00DE0CCB /* SdaHymnalv2 */,
				898AE01C2531535C00DE0CCB /* Products */,
			);
			sourceTree = "<group>";
		};
		898AE01C2531535C00DE0CCB /* Products */ = {
			isa = PBXGroup;
			children = (
				898AE01B2531535C00DE0CCB /* SdaHymnalv2.app */,
			);
			name = Products;
			sourceTree = "<group>";
		};
		898AE01D2531535C00DE0CCB /* SdaHymnalv2 */ = {
			isa = PBXGroup;
			children = (
				898AE01E2531535C00DE0CCB /* AppDelegate.swift */,
				898AE0202531535C00DE0CCB /* SceneDelegate.swift */,
				898AE0222531535C00DE0CCB /* ViewController.swift */,
				898AE06B2531553600DE0CCB /* TabBarVC */,
				898AE0382531548E00DE0CCB /* SearchForHymnViewController.swift */,
				898AE0362531548E00DE0CCB /* TabBarController.swift */,
				898AE0372531548E00DE0CCB /* TestImageViewController.swift */,
				898AE041253154A600DE0CCB /* SongSheets */,
				898AE0242531535C00DE0CCB /* Main.storyboard */,
				898AE02A2531535D00DE0CCB /* Assets.xcassets */,
				898AE02C2531535D00DE0CCB /* LaunchScreen.storyboard */,
				898AE02F2531535D00DE0CCB /* Info.plist */,
				898AE0272531535C00DE0CCB /* SdaHymnalv2.xcdatamodeld */,
			);
			path = SdaHymnalv2;
			sourceTree = "<group>";
		};
		898AE041253154A600DE0CCB /* SongSheets */ = {
			isa = PBXGroup;
			children = (
				898AE051253154BD00DE0CCB /* A_Child_of_the_King.png */,
				898AE04B253154BC00DE0CCB /* A_Diligent_and_Grateful_Heart.png */,
				898AE04C253154BC00DE0CCB /* A_Hymn_of_Glory_Let_Us_Sing.png */,
				898AE045253154BC00DE0CCB /* A_Mighty_Fortress.png */,
				898AE044253154BC00DE0CCB /* A_Quiet_Place.png */,
				898AE043253154BC00DE0CCB /* A_Shelter_in_the_Time_of_Storm.png */,
				898AE046253154BC00DE0CCB /* A_Song_of_Heaven_and_Homeland.png */,
				898AE047253154BC00DE0CCB /* Abide_With_Me,_'Tis_Eventide.png */,
				898AE055253154BD00DE0CCB /* Abide_With_Me.png */,
				898AE050253154BD00DE0CCB /* All_Creatures_of_Our_God_and_King.png */,
				898AE052253154BD00DE0CCB /* All_Glory,_Laud,_and_Honor.png */,
				898AE04F253154BD00DE0CCB /* All_Hail_the_Power_of_Jesus'_Name.png */,
				898AE048253154BC00DE0CCB /* All_My_Hope_on_God_Is_Founded.png */,
				898AE04E253154BD00DE0CCB /* All_People_That_on_Earth_Do_Dwell.png */,
				898AE042253154BC00DE0CCB /* All_Praise_to_Thee.png */,
				898AE04A253154BC00DE0CCB /* All_That_Thrills_My_Soul.png */,
				898AE04D253154BD00DE0CCB /* All_the_Way.png */,
				898AE054253154BD00DE0CCB /* All_Things_Are_Thine.png */,
				898AE049253154BC00DE0CCB /* All_Things_Bright_and_Beautiful.png */,
				898AE053253154BD00DE0CCB /* All_Things_Come_of_Thee.png */,
			);
			path = SongSheets;
			sourceTree = "<group>";
		};
		898AE06B2531553600DE0CCB /* TabBarVC */ = {
			isa = PBXGroup;
			children = (
				898AE0392531548E00DE0CCB /* BookmarksViewController.swift */,
				898AE03A2531548E00DE0CCB /* LyricsOnlyViewController.swift */,
			);
			path = TabBarVC;
			sourceTree = "<group>";
		};
/* End PBXGroup section */

/* Begin PBXNativeTarget section */
		898AE01A2531535C00DE0CCB /* SdaHymnalv2 */ = {
			isa = PBXNativeTarget;
			buildConfigurationList = 898AE0322531535D00DE0CCB /* Build configuration list for PBXNativeTarget "SdaHymnalv2" */;
			buildPhases = (
				898AE0172531535C00DE0CCB /* Sources */,
				898AE0182531535C00DE0CCB /* Frameworks */,
				898AE0192531535C00DE0CCB /* Resources */,
			);
			buildRules = (
			);
			dependencies = (
			);
			name = SdaHymnalv2;
			productName = SdaHymnalv2;
			productReference = 898AE01B2531535C00DE0CCB /* SdaHymnalv2.app */;
			productType = "com.apple.product-type.application";
		};
/* End PBXNativeTarget section */

/* Begin PBXProject section */
		898AE0132531535C00DE0CCB /* Project object */ = {
			isa = PBXProject;
			attributes = {
				LastSwiftUpdateCheck = 1200;
				LastUpgradeCheck = 1200;
				TargetAttributes = {
					898AE01A2531535C00DE0CCB = {
						CreatedOnToolsVersion = 12.0.1;
					};
				};
			};
			buildConfigurationList = 898AE0162531535C00DE0CCB /* Build configuration list for PBXProject "SdaHymnalv2" */;
			compatibilityVersion = "Xcode 9.3";
			developmentRegion = en;
			hasScannedForEncodings = 0;
			knownRegions = (
				en,
				Base,
			);
			mainGroup = 898AE0122531535C00DE0CCB;
			productRefGroup = 898AE01C2531535C00DE0CCB /* Products */;
			projectDirPath = "";
			projectRoot = "";
			targets = (
				898AE01A2531535C00DE0CCB /* SdaHymnalv2 */,
			);
		};
/* End PBXProject section */

/* Begin PBXResourcesBuildPhase section */
		898AE0192531535C00DE0CCB /* Resources */ = {
			isa = PBXResourcesBuildPhase;
			buildActionMask = 2147483647;
			files = (
				898AE056253154BD00DE0CCB /* All_Praise_to_Thee.png in Resources */,
				898AE069253154BD00DE0CCB /* Abide_With_Me.png in Resources */,
				898AE02E2531535D00DE0CCB /* LaunchScreen.storyboard in Resources */,
				898AE05A253154BD00DE0CCB /* A_Song_of_Heaven_and_Homeland.png in Resources */,
				898AE061253154BD00DE0CCB /* All_the_Way.png in Resources */,
				898AE05C253154BD00DE0CCB /* All_My_Hope_on_God_Is_Founded.png in Resources */,
				898AE05E253154BD00DE0CCB /* All_That_Thrills_My_Soul.png in Resources */,
				898AE064253154BD00DE0CCB /* All_Creatures_of_Our_God_and_King.png in Resources */,
				898AE060253154BD00DE0CCB /* A_Hymn_of_Glory_Let_Us_Sing.png in Resources */,
				898AE05F253154BD00DE0CCB /* A_Diligent_and_Grateful_Heart.png in Resources */,
				898AE067253154BD00DE0CCB /* All_Things_Come_of_Thee.png in Resources */,
				898AE059253154BD00DE0CCB /* A_Mighty_Fortress.png in Resources */,
				898AE066253154BD00DE0CCB /* All_Glory,_Laud,_and_Honor.png in Resources */,
				898AE068253154BD00DE0CCB /* All_Things_Are_Thine.png in Resources */,
				898AE02B2531535D00DE0CCB /* Assets.xcassets in Resources */,
				898AE0262531535C00DE0CCB /* Main.storyboard in Resources */,
				898AE05B253154BD00DE0CCB /* Abide_With_Me,_'Tis_Eventide.png in Resources */,
				898AE058253154BD00DE0CCB /* A_Quiet_Place.png in Resources */,
				898AE062253154BD00DE0CCB /* All_People_That_on_Earth_Do_Dwell.png in Resources */,
				898AE05D253154BD00DE0CCB /* All_Things_Bright_and_Beautiful.png in Resources */,
				898AE057253154BD00DE0CCB /* A_Shelter_in_the_Time_of_Storm.png in Resources */,
				898AE065253154BD00DE0CCB /* A_Child_of_the_King.png in Resources */,
				898AE063253154BD00DE0CCB /* All_Hail_the_Power_of_Jesus'_Name.png in Resources */,
			);
			runOnlyForDeploymentPostprocessing = 0;
		};
/* End PBXResourcesBuildPhase section */

/* Begin PBXSourcesBuildPhase section */
		898AE0172531535C00DE0CCB /* Sources */ = {
			isa = PBXSourcesBuildPhase;
			buildActionMask = 2147483647;
			files = (
				898AE03E2531548E00DE0CCB /* BookmarksViewController.swift in Sources */,
				898AE03C2531548E00DE0CCB /* TestImageViewController.swift in Sources */,
				898AE03F2531548E00DE0CCB /* LyricsOnlyViewController.swift in Sources */,
				898AE03D2531548E00DE0CCB /* SearchForHymnViewController.swift in Sources */,
				898AE0232531535C00DE0CCB /* ViewController.swift in Sources */,
				898AE0292531535C00DE0CCB /* SdaHymnalv2.xcdatamodeld in Sources */,
				898AE01F2531535C00DE0CCB /* AppDelegate.swift in Sources */,
				898AE03B2531548E00DE0CCB /* TabBarController.swift in Sources */,
				898AE0212531535C00DE0CCB /* SceneDelegate.swift in Sources */,
			);
			runOnlyForDeploymentPostprocessing = 0;
		};
/* End PBXSourcesBuildPhase section */

/* Begin PBXVariantGroup section */
		898AE0242531535C00DE0CCB /* Main.storyboard */ = {
			isa = PBXVariantGroup;
			children = (
				898AE0252531535C00DE0CCB /* Base */,
			);
			name = Main.storyboard;
			sourceTree = "<group>";
		};
		898AE02C2531535D00DE0CCB /* LaunchScreen.storyboard */ = {
			isa = PBXVariantGroup;
			children = (
				898AE02D2531535D00DE0CCB /* Base */,
			);
			name = LaunchScreen.storyboard;
			sourceTree = "<group>";
		};
/* End PBXVariantGroup section */

/* Begin XCBuildConfiguration section */
		898AE0302531535D00DE0CCB /* Debug */ = {
			isa = XCBuildConfiguration;
			buildSettings = {
				ALWAYS_SEARCH_USER_PATHS = NO;
				CLANG_ANALYZER_NONNULL = YES;
				CLANG_ANALYZER_NUMBER_OBJECT_CONVERSION = YES_AGGRESSIVE;
				CLANG_CXX_LANGUAGE_STANDARD = "gnu++14";
				CLANG_CXX_LIBRARY = "libc++";
				CLANG_ENABLE_MODULES = YES;
				CLANG_ENABLE_OBJC_ARC = YES;
				CLANG_ENABLE_OBJC_WEAK = YES;
				CLANG_WARN_BLOCK_CAPTURE_AUTORELEASING = YES;
				CLANG_WARN_BOOL_CONVERSION = YES;
				CLANG_WARN_COMMA = YES;
				CLANG_WARN_CONSTANT_CONVERSION = YES;
				CLANG_WARN_DEPRECATED_OBJC_IMPLEMENTATIONS = YES;
				CLANG_WARN_DIRECT_OBJC_ISA_USAGE = YES_ERROR;
				CLANG_WARN_DOCUMENTATION_COMMENTS = YES;
				CLANG_WARN_EMPTY_BODY = YES;
				CLANG_WARN_ENUM_CONVERSION = YES;
				CLANG_WARN_INFINITE_RECURSION = YES;
				CLANG_WARN_INT_CONVERSION = YES;
				CLANG_WARN_NON_LITERAL_NULL_CONVERSION = YES;
				CLANG_WARN_OBJC_IMPLICIT_RETAIN_SELF = YES;
				CLANG_WARN_OBJC_LITERAL_CONVERSION = YES;
				CLANG_WARN_OBJC_ROOT_CLASS = YES_ERROR;
				CLANG_WARN_QUOTED_INCLUDE_IN_FRAMEWORK_HEADER = YES;
				CLANG_WARN_RANGE_LOOP_ANALYSIS = YES;
				CLANG_WARN_STRICT_PROTOTYPES = YES;
				CLANG_WARN_SUSPICIOUS_MOVE = YES;
				CLANG_WARN_UNGUARDED_AVAILABILITY = YES_AGGRESSIVE;
				CLANG_WARN_UNREACHABLE_CODE = YES;
				CLANG_WARN__DUPLICATE_METHOD_MATCH = YES;
				COPY_PHASE_STRIP = NO;
				DEBUG_INFORMATION_FORMAT = dwarf;
				ENABLE_STRICT_OBJC_MSGSEND = YES;
				ENABLE_TESTABILITY = YES;
				GCC_C_LANGUAGE_STANDARD = gnu11;
				GCC_DYNAMIC_NO_PIC = NO;
				GCC_NO_COMMON_BLOCKS = YES;
				GCC_OPTIMIZATION_LEVEL = 0;
				GCC_PREPROCESSOR_DEFINITIONS = (
					"DEBUG=1",
					"$(inherited)",
				);
				GCC_WARN_64_TO_32_BIT_CONVERSION = YES;
				GCC_WARN_ABOUT_RETURN_TYPE = YES_ERROR;
				GCC_WARN_UNDECLARED_SELECTOR = YES;
				GCC_WARN_UNINITIALIZED_AUTOS = YES_AGGRESSIVE;
				GCC_WARN_UNUSED_FUNCTION = YES;
				GCC_WARN_UNUSED_VARIABLE = YES;
				IPHONEOS_DEPLOYMENT_TARGET = 14.0;
				MTL_ENABLE_DEBUG_INFO = INCLUDE_SOURCE;
				MTL_FAST_MATH = YES;
				ONLY_ACTIVE_ARCH = YES;
				SDKROOT = iphoneos;
				SWIFT_ACTIVE_COMPILATION_CONDITIONS = DEBUG;
				SWIFT_OPTIMIZATION_LEVEL = "-Onone";
			};
			name = Debug;
		};
		898AE0312531535D00DE0CCB /* Release */ = {
			isa = XCBuildConfiguration;
			buildSettings = {
				ALWAYS_SEARCH_USER_PATHS = NO;
				CLANG_ANALYZER_NONNULL = YES;
				CLANG_ANALYZER_NUMBER_OBJECT_CONVERSION = YES_AGGRESSIVE;
				CLANG_CXX_LANGUAGE_STANDARD = "gnu++14";
				CLANG_CXX_LIBRARY = "libc++";
				CLANG_ENABLE_MODULES = YES;
				CLANG_ENABLE_OBJC_ARC = YES;
				CLANG_ENABLE_OBJC_WEAK = YES;
				CLANG_WARN_BLOCK_CAPTURE_AUTORELEASING = YES;
				CLANG_WARN_BOOL_CONVERSION = YES;
				CLANG_WARN_COMMA = YES;
				CLANG_WARN_CONSTANT_CONVERSION = YES;
				CLANG_WARN_DEPRECATED_OBJC_IMPLEMENTATIONS = YES;
				CLANG_WARN_DIRECT_OBJC_ISA_USAGE = YES_ERROR;
				CLANG_WARN_DOCUMENTATION_COMMENTS = YES;
				CLANG_WARN_EMPTY_BODY = YES;
				CLANG_WARN_ENUM_CONVERSION = YES;
				CLANG_WARN_INFINITE_RECURSION = YES;
				CLANG_WARN_INT_CONVERSION = YES;
				CLANG_WARN_NON_LITERAL_NULL_CONVERSION = YES;
				CLANG_WARN_OBJC_IMPLICIT_RETAIN_SELF = YES;
				CLANG_WARN_OBJC_LITERAL_CONVERSION = YES;
				CLANG_WARN_OBJC_ROOT_CLASS = YES_ERROR;
				CLANG_WARN_QUOTED_INCLUDE_IN_FRAMEWORK_HEADER = YES;
				CLANG_WARN_RANGE_LOOP_ANALYSIS = YES;
				CLANG_WARN_STRICT_PROTOTYPES = YES;
				CLANG_WARN_SUSPICIOUS_MOVE = YES;
				CLANG_WARN_UNGUARDED_AVAILABILITY = YES_AGGRESSIVE;
				CLANG_WARN_UNREACHABLE_CODE = YES;
				CLANG_WARN__DUPLICATE_METHOD_MATCH = YES;
				COPY_PHASE_STRIP = NO;
				DEBUG_INFORMATION_FORMAT = "dwarf-with-dsym";
				ENABLE_NS_ASSERTIONS = NO;
				ENABLE_STRICT_OBJC_MSGSEND = YES;
				GCC_C_LANGUAGE_STANDARD = gnu11;
				GCC_NO_COMMON_BLOCKS = YES;
				GCC_WARN_64_TO_32_BIT_CONVERSION = YES;
				GCC_WARN_ABOUT_RETURN_TYPE = YES_ERROR;
				GCC_WARN_UNDECLARED_SELECTOR = YES;
				GCC_WARN_UNINITIALIZED_AUTOS = YES_AGGRESSIVE;
				GCC_WARN_UNUSED_FUNCTION = YES;
				GCC_WARN_UNUSED_VARIABLE = YES;
				IPHONEOS_DEPLOYMENT_TARGET = 14.0;
				MTL_ENABLE_DEBUG_INFO = NO;
				MTL_FAST_MATH = YES;
				SDKROOT = iphoneos;
				SWIFT_COMPILATION_MODE = wholemodule;
				SWIFT_OPTIMIZATION_LEVEL = "-O";
				VALIDATE_PRODUCT = YES;
			};
			name = Release;
		};
		898AE0332531535D00DE0CCB /* Debug */ = {
			isa = XCBuildConfiguration;
			buildSettings = {
				ASSETCATALOG_COMPILER_APPICON_NAME = AppIcon;
				ASSETCATALOG_COMPILER_GLOBAL_ACCENT_COLOR_NAME = AccentColor;
				CODE_SIGN_STYLE = Automatic;
				INFOPLIST_FILE = SdaHymnalv2/Info.plist;
				LD_RUNPATH_SEARCH_PATHS = (
					"$(inherited)",
					"@executable_path/Frameworks",
				);
				PRODUCT_BUNDLE_IDENTIFIER = Guerra.SdaHymnalv2;
				PRODUCT_NAME = "$(TARGET_NAME)";
				SWIFT_VERSION = 5.0;
				TARGETED_DEVICE_FAMILY = "1,2";
			};
			name = Debug;
		};
		898AE0342531535D00DE0CCB /* Release */ = {
			isa = XCBuildConfiguration;
			buildSettings = {
				ASSETCATALOG_COMPILER_APPICON_NAME = AppIcon;
				ASSETCATALOG_COMPILER_GLOBAL_ACCENT_COLOR_NAME = AccentColor;
				CODE_SIGN_STYLE = Automatic;
				INFOPLIST_FILE = SdaHymnalv2/Info.plist;
				LD_RUNPATH_SEARCH_PATHS = (
					"$(inherited)",
					"@executable_path/Frameworks",
				);
				PRODUCT_BUNDLE_IDENTIFIER = Guerra.SdaHymnalv2;
				PRODUCT_NAME = "$(TARGET_NAME)";
				SWIFT_VERSION = 5.0;
				TARGETED_DEVICE_FAMILY = "1,2";
			};
			name = Release;
		};
/* End XCBuildConfiguration section */

/* Begin XCConfigurationList section */
		898AE0162531535C00DE0CCB /* Build configuration list for PBXProject "SdaHymnalv2" */ = {
			isa = XCConfigurationList;
			buildConfigurations = (
				898AE0302531535D00DE0CCB /* Debug */,
				898AE0312531535D00DE0CCB /* Release */,
			);
			defaultConfigurationIsVisible = 0;
			defaultConfigurationName = Release;
		};
		898AE0322531535D00DE0CCB /* Build configuration list for PBXNativeTarget "SdaHymnalv2" */ = {
			isa = XCConfigurationList;
			buildConfigurations = (
				898AE0332531535D00DE0CCB /* Debug */,
				898AE0342531535D00DE0CCB /* Release */,
			);
			defaultConfigurationIsVisible = 0;
			defaultConfigurationName = Release;
		};
/* End XCConfigurationList section */

/* Begin XCVersionGroup section */
		898AE0272531535C00DE0CCB /* SdaHymnalv2.xcdatamodeld */ = {
			isa = XCVersionGroup;
			children = (
				898AE0282531535C00DE0CCB /* SdaHymnalv2.xcdatamodel */,
			);
			currentVersion = 898AE0282531535C00DE0CCB /* SdaHymnalv2.xcdatamodel */;
			path = SdaHymnalv2.xcdatamodeld;
			sourceTree = "<group>";
			versionGroupType = wrapper.xcdatamodel;
		};
/* End XCVersionGroup section */
	};
	rootObject = 898AE0132531535C00DE0CCB /* Project object */;
}
